// !$*UTF8*$!
{
	archiveVersion = 1;
	classes = {
	};
	objectVersion = 55;
	objects = {

/* Begin PBXBuildFile section */
		84E6B02429A73900002A514F /* AppDelegate.swift in Sources */ = {isa = PBXBuildFile; fileRef = 84E6B02329A73900002A514F /* AppDelegate.swift */; };
		84E6B02629A73900002A514F /* SceneDelegate.swift in Sources */ = {isa = PBXBuildFile; fileRef = 84E6B02529A73900002A514F /* SceneDelegate.swift */; };
		84E6B02829A73900002A514F /* ViewController.swift in Sources */ = {isa = PBXBuildFile; fileRef = 84E6B02729A73900002A514F /* ViewController.swift */; };
		84E6B02B29A73900002A514F /* Main.storyboard in Resources */ = {isa = PBXBuildFile; fileRef = 84E6B02929A73900002A514F /* Main.storyboard */; };
		84E6B02D29A73902002A514F /* Assets.xcassets in Resources */ = {isa = PBXBuildFile; fileRef = 84E6B02C29A73902002A514F /* Assets.xcassets */; };
		84E6B03029A73902002A514F /* LaunchScreen.storyboard in Resources */ = {isa = PBXBuildFile; fileRef = 84E6B02E29A73902002A514F /* LaunchScreen.storyboard */; };
		84E6B03B29A73902002A514F /* CallKitDemoTests.swift in Sources */ = {isa = PBXBuildFile; fileRef = 84E6B03A29A73902002A514F /* CallKitDemoTests.swift */; };
		84E6B04529A73902002A514F /* CallKitDemoUITests.swift in Sources */ = {isa = PBXBuildFile; fileRef = 84E6B04429A73902002A514F /* CallKitDemoUITests.swift */; };
		84E6B04729A73902002A514F /* CallKitDemoUITestsLaunchTests.swift in Sources */ = {isa = PBXBuildFile; fileRef = 84E6B04629A73902002A514F /* CallKitDemoUITestsLaunchTests.swift */; };
/* End PBXBuildFile section */

/* Begin PBXContainerItemProxy section */
		84E6B03729A73902002A514F /* PBXContainerItemProxy */ = {
			isa = PBXContainerItemProxy;
			containerPortal = 84E6B01829A73900002A514F /* Project object */;
			proxyType = 1;
			remoteGlobalIDString = 84E6B01F29A73900002A514F;
			remoteInfo = CallKitDemo;
		};
		84E6B04129A73902002A514F /* PBXContainerItemProxy */ = {
			isa = PBXContainerItemProxy;
			containerPortal = 84E6B01829A73900002A514F /* Project object */;
			proxyType = 1;
			remoteGlobalIDString = 84E6B01F29A73900002A514F;
			remoteInfo = CallKitDemo;
		};
/* End PBXContainerItemProxy section */

/* Begin PBXFileReference section */
		84E6B02029A73900002A514F /* CallKitDemo.app */ = {isa = PBXFileReference; explicitFileType = wrapper.application; includeInIndex = 0; path = CallKitDemo.app; sourceTree = BUILT_PRODUCTS_DIR; };
		84E6B02329A73900002A514F /* AppDelegate.swift */ = {isa = PBXFileReference; lastKnownFileType = sourcecode.swift; path = AppDelegate.swift; sourceTree = "<group>"; };
		84E6B02529A73900002A514F /* SceneDelegate.swift */ = {isa = PBXFileReference; lastKnownFileType = sourcecode.swift; path = SceneDelegate.swift; sourceTree = "<group>"; };
		84E6B02729A73900002A514F /* ViewController.swift */ = {isa = PBXFileReference; lastKnownFileType = sourcecode.swift; path = ViewController.swift; sourceTree = "<group>"; };
		84E6B02A29A73900002A514F /* Base */ = {isa = PBXFileReference; lastKnownFileType = file.storyboard; name = Base; path = Base.lproj/Main.storyboard; sourceTree = "<group>"; };
		84E6B02C29A73902002A514F /* Assets.xcassets */ = {isa = PBXFileReference; lastKnownFileType = folder.assetcatalog; path = Assets.xcassets; sourceTree = "<group>"; };
		84E6B02F29A73902002A514F /* Base */ = {isa = PBXFileReference; lastKnownFileType = file.storyboard; name = Base; path = Base.lproj/LaunchScreen.storyboard; sourceTree = "<group>"; };
		84E6B03129A73902002A514F /* Info.plist */ = {isa = PBXFileReference; lastKnownFileType = text.plist.xml; path = Info.plist; sourceTree = "<group>"; };
		84E6B03629A73902002A514F /* CallKitDemoTests.xctest */ = {isa = PBXFileReference; explicitFileType = wrapper.cfbundle; includeInIndex = 0; path = CallKitDemoTests.xctest; sourceTree = BUILT_PRODUCTS_DIR; };
		84E6B03A29A73902002A514F /* CallKitDemoTests.swift */ = {isa = PBXFileReference; lastKnownFileType = sourcecode.swift; path = CallKitDemoTests.swift; sourceTree = "<group>"; };
		84E6B04029A73902002A514F /* CallKitDemoUITests.xctest */ = {isa = PBXFileReference; explicitFileType = wrapper.cfbundle; includeInIndex = 0; path = CallKitDemoUITests.xctest; sourceTree = BUILT_PRODUCTS_DIR; };
		84E6B04429A73902002A514F /* CallKitDemoUITests.swift */ = {isa = PBXFileReference; lastKnownFileType = sourcecode.swift; path = CallKitDemoUITests.swift; sourceTree = "<group>"; };
		84E6B04629A73902002A514F /* CallKitDemoUITestsLaunchTests.swift */ = {isa = PBXFileReference; lastKnownFileType = sourcecode.swift; path = CallKitDemoUITestsLaunchTests.swift; sourceTree = "<group>"; };
/* End PBXFileReference section */

/* Begin PBXFrameworksBuildPhase section */
		84E6B01D29A73900002A514F /* Frameworks */ = {
			isa = PBXFrameworksBuildPhase;
			buildActionMask = 2147483647;
			files = (
			);
			runOnlyForDeploymentPostprocessing = 0;
		};
		84E6B03329A73902002A514F /* Frameworks */ = {
			isa = PBXFrameworksBuildPhase;
			buildActionMask = 2147483647;
			files = (
			);
			runOnlyForDeploymentPostprocessing = 0;
		};
		84E6B03D29A73902002A514F /* Frameworks */ = {
			isa = PBXFrameworksBuildPhase;
			buildActionMask = 2147483647;
			files = (
			);
			runOnlyForDeploymentPostprocessing = 0;
		};
/* End PBXFrameworksBuildPhase section */

/* Begin PBXGroup section */
		84E6B01729A73900002A514F = {
			isa = PBXGroup;
			children = (
				84E6B02229A73900002A514F /* CallKitDemo */,
				84E6B03929A73902002A514F /* CallKitDemoTests */,
				84E6B04329A73902002A514F /* CallKitDemoUITests */,
				84E6B02129A73900002A514F /* Products */,
			);
			sourceTree = "<group>";
		};
		84E6B02129A73900002A514F /* Products */ = {
			isa = PBXGroup;
			children = (
				84E6B02029A73900002A514F /* CallKitDemo.app */,
				84E6B03629A73902002A514F /* CallKitDemoTests.xctest */,
				84E6B04029A73902002A514F /* CallKitDemoUITests.xctest */,
			);
			name = Products;
			sourceTree = "<group>";
		};
		84E6B02229A73900002A514F /* CallKitDemo */ = {
			isa = PBXGroup;
			children = (
				84E6B02329A73900002A514F /* AppDelegate.swift */,
				84E6B02529A73900002A514F /* SceneDelegate.swift */,
				84E6B02729A73900002A514F /* ViewController.swift */,
				84E6B02929A73900002A514F /* Main.storyboard */,
				84E6B02C29A73902002A514F /* Assets.xcassets */,
				84E6B02E29A73902002A514F /* LaunchScreen.storyboard */,
				84E6B03129A73902002A514F /* Info.plist */,
			);
			path = CallKitDemo;
			sourceTree = "<group>";
		};
		84E6B03929A73902002A514F /* CallKitDemoTests */ = {
			isa = PBXGroup;
			children = (
				84E6B03A29A73902002A514F /* CallKitDemoTests.swift */,
			);
			path = CallKitDemoTests;
			sourceTree = "<group>";
		};
		84E6B04329A73902002A514F /* CallKitDemoUITests */ = {
			isa = PBXGroup;
			children = (
				84E6B04429A73902002A514F /* CallKitDemoUITests.swift */,
				84E6B04629A73902002A514F /* CallKitDemoUITestsLaunchTests.swift */,
			);
			path = CallKitDemoUITests;
			sourceTree = "<group>";
		};
/* End PBXGroup section */

/* Begin PBXNativeTarget section */
		84E6B01F29A73900002A514F /* CallKitDemo */ = {
			isa = PBXNativeTarget;
			buildConfigurationList = 84E6B04A29A73902002A514F /* Build configuration list for PBXNativeTarget "CallKitDemo" */;
			buildPhases = (
				84E6B01C29A73900002A514F /* Sources */,
				84E6B01D29A73900002A514F /* Frameworks */,
				84E6B01E29A73900002A514F /* Resources */,
			);
			buildRules = (
			);
			dependencies = (
			);
			name = CallKitDemo;
			productName = CallKitDemo;
			productReference = 84E6B02029A73900002A514F /* CallKitDemo.app */;
			productType = "com.apple.product-type.application";
		};
		84E6B03529A73902002A514F /* CallKitDemoTests */ = {
			isa = PBXNativeTarget;
			buildConfigurationList = 84E6B04D29A73902002A514F /* Build configuration list for PBXNativeTarget "CallKitDemoTests" */;
			buildPhases = (
				84E6B03229A73902002A514F /* Sources */,
				84E6B03329A73902002A514F /* Frameworks */,
				84E6B03429A73902002A514F /* Resources */,
			);
			buildRules = (
			);
			dependencies = (
				84E6B03829A73902002A514F /* PBXTargetDependency */,
			);
			name = CallKitDemoTests;
			productName = CallKitDemoTests;
			productReference = 84E6B03629A73902002A514F /* CallKitDemoTests.xctest */;
			productType = "com.apple.product-type.bundle.unit-test";
		};
		84E6B03F29A73902002A514F /* CallKitDemoUITests */ = {
			isa = PBXNativeTarget;
			buildConfigurationList = 84E6B05029A73902002A514F /* Build configuration list for PBXNativeTarget "CallKitDemoUITests" */;
			buildPhases = (
				84E6B03C29A73902002A514F /* Sources */,
				84E6B03D29A73902002A514F /* Frameworks */,
				84E6B03E29A73902002A514F /* Resources */,
			);
			buildRules = (
			);
			dependencies = (
				84E6B04229A73902002A514F /* PBXTargetDependency */,
			);
			name = CallKitDemoUITests;
			productName = CallKitDemoUITests;
			productReference = 84E6B04029A73902002A514F /* CallKitDemoUITests.xctest */;
			productType = "com.apple.product-type.bundle.ui-testing";
		};
/* End PBXNativeTarget section */

/* Begin PBXProject section */
		84E6B01829A73900002A514F /* Project object */ = {
			isa = PBXProject;
			attributes = {
				BuildIndependentTargetsInParallel = 1;
				LastSwiftUpdateCheck = 1300;
				LastUpgradeCheck = 1300;
				TargetAttributes = {
					84E6B01F29A73900002A514F = {
						CreatedOnToolsVersion = 13.0;
					};
					84E6B03529A73902002A514F = {
						CreatedOnToolsVersion = 13.0;
						TestTargetID = 84E6B01F29A73900002A514F;
					};
					84E6B03F29A73902002A514F = {
						CreatedOnToolsVersion = 13.0;
						TestTargetID = 84E6B01F29A73900002A514F;
					};
				};
			};
			buildConfigurationList = 84E6B01B29A73900002A514F /* Build configuration list for PBXProject "CallKitDemo" */;
			compatibilityVersion = "Xcode 13.0";
			developmentRegion = en;
			hasScannedForEncodings = 0;
			knownRegions = (
				en,
				Base,
			);
			mainGroup = 84E6B01729A73900002A514F;
			productRefGroup = 84E6B02129A73900002A514F /* Products */;
			projectDirPath = "";
			projectRoot = "";
			targets = (
				84E6B01F29A73900002A514F /* CallKitDemo */,
				84E6B03529A73902002A514F /* CallKitDemoTests */,
				84E6B03F29A73902002A514F /* CallKitDemoUITests */,
			);
		};
/* End PBXProject section */

/* Begin PBXResourcesBuildPhase section */
		84E6B01E29A73900002A514F /* Resources */ = {
			isa = PBXResourcesBuildPhase;
			buildActionMask = 2147483647;
			files = (
				84E6B03029A73902002A514F /* LaunchScreen.storyboard in Resources */,
				84E6B02D29A73902002A514F /* Assets.xcassets in Resources */,
				84E6B02B29A73900002A514F /* Main.storyboard in Resources */,
			);
			runOnlyForDeploymentPostprocessing = 0;
		};
		84E6B03429A73902002A514F /* Resources */ = {
			isa = PBXResourcesBuildPhase;
			buildActionMask = 2147483647;
			files = (
			);
			runOnlyForDeploymentPostprocessing = 0;
		};
		84E6B03E29A73902002A514F /* Resources */ = {
			isa = PBXResourcesBuildPhase;
			buildActionMask = 2147483647;
			files = (
			);
			runOnlyForDeploymentPostprocessing = 0;
		};
/* End PBXResourcesBuildPhase section */

/* Begin PBXSourcesBuildPhase section */
		84E6B01C29A73900002A514F /* Sources */ = {
			isa = PBXSourcesBuildPhase;
			buildActionMask = 2147483647;
			files = (
				84E6B02829A73900002A514F /* ViewController.swift in Sources */,
				84E6B02429A73900002A514F /* AppDelegate.swift in Sources */,
				84E6B02629A73900002A514F /* SceneDelegate.swift in Sources */,
			);
			runOnlyForDeploymentPostprocessing = 0;
		};
		84E6B03229A73902002A514F /* Sources */ = {
			isa = PBXSourcesBuildPhase;
			buildActionMask = 2147483647;
			files = (
				84E6B03B29A73902002A514F /* CallKitDemoTests.swift in Sources */,
			);
			runOnlyForDeploymentPostprocessing = 0;
		};
		84E6B03C29A73902002A514F /* Sources */ = {
			isa = PBXSourcesBuildPhase;
			buildActionMask = 2147483647;
			files = (
				84E6B04729A73902002A514F /* CallKitDemoUITestsLaunchTests.swift in Sources */,
				84E6B04529A73902002A514F /* CallKitDemoUITests.swift in Sources */,
			);
			runOnlyForDeploymentPostprocessing = 0;
		};
/* End PBXSourcesBuildPhase section */

/* Begin PBXTargetDependency section */
		84E6B03829A73902002A514F /* PBXTargetDependency */ = {
			isa = PBXTargetDependency;
			target = 84E6B01F29A73900002A514F /* CallKitDemo */;
			targetProxy = 84E6B03729A73902002A514F /* PBXContainerItemProxy */;
		};
		84E6B04229A73902002A514F /* PBXTargetDependency */ = {
			isa = PBXTargetDependency;
			target = 84E6B01F29A73900002A514F /* CallKitDemo */;
			targetProxy = 84E6B04129A73902002A514F /* PBXContainerItemProxy */;
		};
/* End PBXTargetDependency section */

/* Begin PBXVariantGroup section */
		84E6B02929A73900002A514F /* Main.storyboard */ = {
			isa = PBXVariantGroup;
			children = (
				84E6B02A29A73900002A514F /* Base */,
			);
			name = Main.storyboard;
			sourceTree = "<group>";
		};
		84E6B02E29A73902002A514F /* LaunchScreen.storyboard */ = {
			isa = PBXVariantGroup;
			children = (
				84E6B02F29A73902002A514F /* Base */,
			);
			name = LaunchScreen.storyboard;
			sourceTree = "<group>";
		};
/* End PBXVariantGroup section */

/* Begin XCBuildConfiguration section */
		84E6B04829A73902002A514F /* Debug */ = {
			isa = XCBuildConfiguration;
			buildSettings = {
				ALWAYS_SEARCH_USER_PATHS = NO;
				CLANG_ANALYZER_NONNULL = YES;
				CLANG_ANALYZER_NUMBER_OBJECT_CONVERSION = YES_AGGRESSIVE;
				CLANG_CXX_LANGUAGE_STANDARD = "gnu++17";
				CLANG_CXX_LIBRARY = "libc++";
				CLANG_ENABLE_MODULES = YES;
				CLANG_ENABLE_OBJC_ARC = YES;
				CLANG_ENABLE_OBJC_WEAK = YES;
				CLANG_WARN_BLOCK_CAPTURE_AUTORELEASING = YES;
				CLANG_WARN_BOOL_CONVERSION = YES;
				CLANG_WARN_COMMA = YES;
				CLANG_WARN_CONSTANT_CONVERSION = YES;
				CLANG_WARN_DEPRECATED_OBJC_IMPLEMENTATIONS = YES;
				CLANG_WARN_DIRECT_OBJC_ISA_USAGE = YES_ERROR;
				CLANG_WARN_DOCUMENTATION_COMMENTS = YES;
				CLANG_WARN_EMPTY_BODY = YES;
				CLANG_WARN_ENUM_CONVERSION = YES;
				CLANG_WARN_INFINITE_RECURSION = YES;
				CLANG_WARN_INT_CONVERSION = YES;
				CLANG_WARN_NON_LITERAL_NULL_CONVERSION = YES;
				CLANG_WARN_OBJC_IMPLICIT_RETAIN_SELF = YES;
				CLANG_WARN_OBJC_LITERAL_CONVERSION = YES;
				CLANG_WARN_OBJC_ROOT_CLASS = YES_ERROR;
				CLANG_WARN_QUOTED_INCLUDE_IN_FRAMEWORK_HEADER = YES;
				CLANG_WARN_RANGE_LOOP_ANALYSIS = YES;
				CLANG_WARN_STRICT_PROTOTYPES = YES;
				CLANG_WARN_SUSPICIOUS_MOVE = YES;
				CLANG_WARN_UNGUARDED_AVAILABILITY = YES_AGGRESSIVE;
				CLANG_WARN_UNREACHABLE_CODE = YES;
				CLANG_WARN__DUPLICATE_METHOD_MATCH = YES;
				COPY_PHASE_STRIP = NO;
				DEBUG_INFORMATION_FORMAT = dwarf;
				ENABLE_STRICT_OBJC_MSGSEND = YES;
				ENABLE_TESTABILITY = YES;
				GCC_C_LANGUAGE_STANDARD = gnu11;
				GCC_DYNAMIC_NO_PIC = NO;
				GCC_NO_COMMON_BLOCKS = YES;
				GCC_OPTIMIZATION_LEVEL = 0;
				GCC_PREPROCESSOR_DEFINITIONS = (
					"DEBUG=1",
					"$(inherited)",
				);
				GCC_WARN_64_TO_32_BIT_CONVERSION = YES;
				GCC_WARN_ABOUT_RETURN_TYPE = YES_ERROR;
				GCC_WARN_UNDECLARED_SELECTOR = YES;
				GCC_WARN_UNINITIALIZED_AUTOS = YES_AGGRESSIVE;
				GCC_WARN_UNUSED_FUNCTION = YES;
				GCC_WARN_UNUSED_VARIABLE = YES;
				IPHONEOS_DEPLOYMENT_TARGET = 15.0;
				MTL_ENABLE_DEBUG_INFO = INCLUDE_SOURCE;
				MTL_FAST_MATH = YES;
				ONLY_ACTIVE_ARCH = YES;
				SDKROOT = iphoneos;
				SWIFT_ACTIVE_COMPILATION_CONDITIONS = DEBUG;
				SWIFT_OPTIMIZATION_LEVEL = "-Onone";
			};
			name = Debug;
		};
		84E6B04929A73902002A514F /* Release */ = {
			isa = XCBuildConfiguration;
			buildSettings = {
				ALWAYS_SEARCH_USER_PATHS = NO;
				CLANG_ANALYZER_NONNULL = YES;
				CLANG_ANALYZER_NUMBER_OBJECT_CONVERSION = YES_AGGRESSIVE;
				CLANG_CXX_LANGUAGE_STANDARD = "gnu++17";
				CLANG_CXX_LIBRARY = "libc++";
				CLANG_ENABLE_MODULES = YES;
				CLANG_ENABLE_OBJC_ARC = YES;
				CLANG_ENABLE_OBJC_WEAK = YES;
				CLANG_WARN_BLOCK_CAPTURE_AUTORELEASING = YES;
				CLANG_WARN_BOOL_CONVERSION = YES;
				CLANG_WARN_COMMA = YES;
				CLANG_WARN_CONSTANT_CONVERSION = YES;
				CLANG_WARN_DEPRECATED_OBJC_IMPLEMENTATIONS = YES;
				CLANG_WARN_DIRECT_OBJC_ISA_USAGE = YES_ERROR;
				CLANG_WARN_DOCUMENTATION_COMMENTS = YES;
				CLANG_WARN_EMPTY_BODY = YES;
				CLANG_WARN_ENUM_CONVERSION = YES;
				CLANG_WARN_INFINITE_RECURSION = YES;
				CLANG_WARN_INT_CONVERSION = YES;
				CLANG_WARN_NON_LITERAL_NULL_CONVERSION = YES;
				CLANG_WARN_OBJC_IMPLICIT_RETAIN_SELF = YES;
				CLANG_WARN_OBJC_LITERAL_CONVERSION = YES;
				CLANG_WARN_OBJC_ROOT_CLASS = YES_ERROR;
				CLANG_WARN_QUOTED_INCLUDE_IN_FRAMEWORK_HEADER = YES;
				CLANG_WARN_RANGE_LOOP_ANALYSIS = YES;
				CLANG_WARN_STRICT_PROTOTYPES = YES;
				CLANG_WARN_SUSPICIOUS_MOVE = YES;
				CLANG_WARN_UNGUARDED_AVAILABILITY = YES_AGGRESSIVE;
				CLANG_WARN_UNREACHABLE_CODE = YES;
				CLANG_WARN__DUPLICATE_METHOD_MATCH = YES;
				COPY_PHASE_STRIP = NO;
				DEBUG_INFORMATION_FORMAT = "dwarf-with-dsym";
				ENABLE_NS_ASSERTIONS = NO;
				ENABLE_STRICT_OBJC_MSGSEND = YES;
				GCC_C_LANGUAGE_STANDARD = gnu11;
				GCC_NO_COMMON_BLOCKS = YES;
				GCC_WARN_64_TO_32_BIT_CONVERSION = YES;
				GCC_WARN_ABOUT_RETURN_TYPE = YES_ERROR;
				GCC_WARN_UNDECLARED_SELECTOR = YES;
				GCC_WARN_UNINITIALIZED_AUTOS = YES_AGGRESSIVE;
				GCC_WARN_UNUSED_FUNCTION = YES;
				GCC_WARN_UNUSED_VARIABLE = YES;
				IPHONEOS_DEPLOYMENT_TARGET = 15.0;
				MTL_ENABLE_DEBUG_INFO = NO;
				MTL_FAST_MATH = YES;
				SDKROOT = iphoneos;
				SWIFT_COMPILATION_MODE = wholemodule;
				SWIFT_OPTIMIZATION_LEVEL = "-O";
				VALIDATE_PRODUCT = YES;
			};
			name = Release;
		};
		84E6B04B29A73902002A514F /* Debug */ = {
			isa = XCBuildConfiguration;
			buildSettings = {
				ASSETCATALOG_COMPILER_APPICON_NAME = AppIcon;
				ASSETCATALOG_COMPILER_GLOBAL_ACCENT_COLOR_NAME = AccentColor;
				CODE_SIGN_STYLE = Automatic;
				CURRENT_PROJECT_VERSION = 1;
				GENERATE_INFOPLIST_FILE = YES;
				INFOPLIST_FILE = CallKitDemo/Info.plist;
				INFOPLIST_KEY_UIApplicationSupportsIndirectInputEvents = YES;
				INFOPLIST_KEY_UILaunchStoryboardName = LaunchScreen;
				INFOPLIST_KEY_UIMainStoryboardFile = Main;
				INFOPLIST_KEY_UISupportedInterfaceOrientations_iPad = "UIInterfaceOrientationPortrait UIInterfaceOrientationPortraitUpsideDown UIInterfaceOrientationLandscapeLeft UIInterfaceOrientationLandscapeRight";
				INFOPLIST_KEY_UISupportedInterfaceOrientations_iPhone = "UIInterfaceOrientationPortrait UIInterfaceOrientationLandscapeLeft UIInterfaceOrientationLandscapeRight";
				LD_RUNPATH_SEARCH_PATHS = (
					"$(inherited)",
					"@executable_path/Frameworks",
				);
				MARKETING_VERSION = 1.0;
				PRODUCT_BUNDLE_IDENTIFIER = com.mac.CallKitDemo;
				PRODUCT_NAME = "$(TARGET_NAME)";
				SWIFT_EMIT_LOC_STRINGS = YES;
				SWIFT_VERSION = 5.0;
				TARGETED_DEVICE_FAMILY = "1,2";
			};
			name = Debug;
		};
		84E6B04C29A73902002A514F /* Release */ = {
			isa = XCBuildConfiguration;
			buildSettings = {
				ASSETCATALOG_COMPILER_APPICON_NAME = AppIcon;
				ASSETCATALOG_COMPILER_GLOBAL_ACCENT_COLOR_NAME = AccentColor;
				CODE_SIGN_STYLE = Automatic;
				CURRENT_PROJECT_VERSION = 1;
				GENERATE_INFOPLIST_FILE = YES;
				INFOPLIST_FILE = CallKitDemo/Info.plist;
				INFOPLIST_KEY_UIApplicationSupportsIndirectInputEvents = YES;
				INFOPLIST_KEY_UILaunchStoryboardName = LaunchScreen;
				INFOPLIST_KEY_UIMainStoryboardFile = Main;
				INFOPLIST_KEY_UISupportedInterfaceOrientations_iPad = "UIInterfaceOrientationPortrait UIInterfaceOrientationPortraitUpsideDown UIInterfaceOrientationLandscapeLeft UIInterfaceOrientationLandscapeRight";
				INFOPLIST_KEY_UISupportedInterfaceOrientations_iPhone = "UIInterfaceOrientationPortrait UIInterfaceOrientationLandscapeLeft UIInterfaceOrientationLandscapeRight";
				LD_RUNPATH_SEARCH_PATHS = (
					"$(inherited)",
					"@executable_path/Frameworks",
				);
				MARKETING_VERSION = 1.0;
				PRODUCT_BUNDLE_IDENTIFIER = com.mac.CallKitDemo;
				PRODUCT_NAME = "$(TARGET_NAME)";
				SWIFT_EMIT_LOC_STRINGS = YES;
				SWIFT_VERSION = 5.0;
				TARGETED_DEVICE_FAMILY = "1,2";
			};
			name = Release;
		};
		84E6B04E29A73902002A514F /* Debug */ = {
			isa = XCBuildConfiguration;
			buildSettings = {
				ALWAYS_EMBED_SWIFT_STANDARD_LIBRARIES = YES;
				BUNDLE_LOADER = "$(TEST_HOST)";
				CODE_SIGN_STYLE = Automatic;
				CURRENT_PROJECT_VERSION = 1;
				GENERATE_INFOPLIST_FILE = YES;
				IPHONEOS_DEPLOYMENT_TARGET = 15.0;
				LD_RUNPATH_SEARCH_PATHS = (
					"$(inherited)",
					"@executable_path/Frameworks",
					"@loader_path/Frameworks",
				);
				MARKETING_VERSION = 1.0;
				PRODUCT_BUNDLE_IDENTIFIER = com.mac.CallKitDemoTests;
				PRODUCT_NAME = "$(TARGET_NAME)";
				SWIFT_EMIT_LOC_STRINGS = NO;
				SWIFT_VERSION = 5.0;
				TARGETED_DEVICE_FAMILY = "1,2";
				TEST_HOST = "$(BUILT_PRODUCTS_DIR)/CallKitDemo.app/CallKitDemo";
			};
			name = Debug;
		};
		84E6B04F29A73902002A514F /* Release */ = {
			isa = XCBuildConfiguration;
			buildSettings = {
				ALWAYS_EMBED_SWIFT_STANDARD_LIBRARIES = YES;
				BUNDLE_LOADER = "$(TEST_HOST)";
				CODE_SIGN_STYLE = Automatic;
				CURRENT_PROJECT_VERSION = 1;
				GENERATE_INFOPLIST_FILE = YES;
				IPHONEOS_DEPLOYMENT_TARGET = 15.0;
				LD_RUNPATH_SEARCH_PATHS = (
					"$(inherited)",
					"@executable_path/Frameworks",
					"@loader_path/Frameworks",
				);
				MARKETING_VERSION = 1.0;
				PRODUCT_BUNDLE_IDENTIFIER = com.mac.CallKitDemoTests;
				PRODUCT_NAME = "$(TARGET_NAME)";
				SWIFT_EMIT_LOC_STRINGS = NO;
				SWIFT_VERSION = 5.0;
				TARGETED_DEVICE_FAMILY = "1,2";
				TEST_HOST = "$(BUILT_PRODUCTS_DIR)/CallKitDemo.app/CallKitDemo";
			};
			name = Release;
		};
		84E6B05129A73902002A514F /* Debug */ = {
			isa = XCBuildConfiguration;
			buildSettings = {
				ALWAYS_EMBED_SWIFT_STANDARD_LIBRARIES = YES;
				CODE_SIGN_STYLE = Automatic;
				CURRENT_PROJECT_VERSION = 1;
				GENERATE_INFOPLIST_FILE = YES;
				LD_RUNPATH_SEARCH_PATHS = (
					"$(inherited)",
					"@executable_path/Frameworks",
					"@loader_path/Frameworks",
				);
				MARKETING_VERSION = 1.0;
				PRODUCT_BUNDLE_IDENTIFIER = com.mac.CallKitDemoUITests;
				PRODUCT_NAME = "$(TARGET_NAME)";
				SWIFT_EMIT_LOC_STRINGS = NO;
				SWIFT_VERSION = 5.0;
				TARGETED_DEVICE_FAMILY = "1,2";
				TEST_TARGET_NAME = CallKitDemo;
			};
			name = Debug;
		};
		84E6B05229A73902002A514F /* Release */ = {
			isa = XCBuildConfiguration;
			buildSettings = {
				ALWAYS_EMBED_SWIFT_STANDARD_LIBRARIES = YES;
				CODE_SIGN_STYLE = Automatic;
				CURRENT_PROJECT_VERSION = 1;
				GENERATE_INFOPLIST_FILE = YES;
				LD_RUNPATH_SEARCH_PATHS = (
					"$(inherited)",
					"@executable_path/Frameworks",
					"@loader_path/Frameworks",
				);
				MARKETING_VERSION = 1.0;
				PRODUCT_BUNDLE_IDENTIFIER = com.mac.CallKitDemoUITests;
				PRODUCT_NAME = "$(TARGET_NAME)";
				SWIFT_EMIT_LOC_STRINGS = NO;
				SWIFT_VERSION = 5.0;
				TARGETED_DEVICE_FAMILY = "1,2";
				TEST_TARGET_NAME = CallKitDemo;
			};
			name = Release;
		};
/* End XCBuildConfiguration section */

/* Begin XCConfigurationList section */
		84E6B01B29A73900002A514F /* Build configuration list for PBXProject "CallKitDemo" */ = {
			isa = XCConfigurationList;
			buildConfigurations = (
				84E6B04829A73902002A514F /* Debug */,
				84E6B04929A73902002A514F /* Release */,
			);
			defaultConfigurationIsVisible = 0;
			defaultConfigurationName = Release;
		};
		84E6B04A29A73902002A514F /* Build configuration list for PBXNativeTarget "CallKitDemo" */ = {
			isa = XCConfigurationList;
			buildConfigurations = (
				84E6B04B29A73902002A514F /* Debug */,
				84E6B04C29A73902002A514F /* Release */,
			);
			defaultConfigurationIsVisible = 0;
			defaultConfigurationName = Release;
		};
		84E6B04D29A73902002A514F /* Build configuration list for PBXNativeTarget "CallKitDemoTests" */ = {
			isa = XCConfigurationList;
			buildConfigurations = (
				84E6B04E29A73902002A514F /* Debug */,
				84E6B04F29A73902002A514F /* Release */,
			);
			defaultConfigurationIsVisible = 0;
			defaultConfigurationName = Release;
		};
		84E6B05029A73902002A514F /* Build configuration list for PBXNativeTarget "CallKitDemoUITests" */ = {
			isa = XCConfigurationList;
			buildConfigurations = (
				84E6B05129A73902002A514F /* Debug */,
				84E6B05229A73902002A514F /* Release */,
			);
			defaultConfigurationIsVisible = 0;
			defaultConfigurationName = Release;
		};
/* End XCConfigurationList section */
	};
	rootObject = 84E6B01829A73900002A514F /* Project object */;
}
